// !$*UTF8*$!
{
	archiveVersion = 1;
	classes = {
	};
	objectVersion = 56;
	objects = {

/* Begin PBXBuildFile section */
		EB11B4422DF6126900B4F7CC /* WelcomeOnboardingView.swift in Sources */ = {isa = PBXBuildFile; fileRef = EB11B4412DF6126900B4F7CC /* WelcomeOnboardingView.swift */; };
		EB11B4442DF61FFF00B4F7CC /* GettingStartedOnboardingView.swift in Sources */ = {isa = PBXBuildFile; fileRef = EB11B4432DF61FFF00B4F7CC /* GettingStartedOnboardingView.swift */; };
		EB11B4462DF6337200B4F7CC /* SettingsOnboardingView.swift in Sources */ = {isa = PBXBuildFile; fileRef = EB11B4452DF6337200B4F7CC /* SettingsOnboardingView.swift */; };
		EB11B44A2DF662FC00B4F7CC /* Acknowledgements.rtf in Resources */ = {isa = PBXBuildFile; fileRef = EB11B4492DF662FC00B4F7CC /* Acknowledgements.rtf */; };
		EB11B44C2DF77D9B00B4F7CC /* InstrumentSerif-Regular.ttf in Resources */ = {isa = PBXBuildFile; fileRef = EB11B44B2DF77D9B00B4F7CC /* InstrumentSerif-Regular.ttf */; };
		EB11B44E2DF7C5B400B4F7CC /* RequestPermissionOnboardingView.swift in Sources */ = {isa = PBXBuildFile; fileRef = EB11B44D2DF7C5B400B4F7CC /* RequestPermissionOnboardingView.swift */; };
		EB11B4512DF7CCA900B4F7CC /* CompletedOnboardingView.swift in Sources */ = {isa = PBXBuildFile; fileRef = EB11B4502DF7CCA900B4F7CC /* CompletedOnboardingView.swift */; };
		EB12BC962DC7FE6A0011B7FF /* TagComponent.swift in Sources */ = {isa = PBXBuildFile; fileRef = EB12BC952DC7FE6A0011B7FF /* TagComponent.swift */; };
		EB12BC9B2DC808210011B7FF /* WaveformView.swift in Sources */ = {isa = PBXBuildFile; fileRef = EB12BC9A2DC808210011B7FF /* WaveformView.swift */; };
		EB12BCA32DC813D30011B7FF /* SampleLibraryAutoPlayer.swift in Sources */ = {isa = PBXBuildFile; fileRef = EB12BCA22DC813D30011B7FF /* SampleLibraryAutoPlayer.swift */; };
		EB1565122D558F2100A3D339 /* Sample.swift in Sources */ = {isa = PBXBuildFile; fileRef = EB1565112D558F1F00A3D339 /* Sample.swift */; };
		EB16006A2E66581000D4BC8E /* SFBAudioEngine in Frameworks */ = {isa = PBXBuildFile; productRef = EB1600692E66581000D4BC8E /* SFBAudioEngine */; };
		EB1A606A2DEA521E0067A4E3 /* PreviewFilenameView.swift in Sources */ = {isa = PBXBuildFile; fileRef = EB1A60692DEA521E0067A4E3 /* PreviewFilenameView.swift */; };
		EB296DF32D65355C008427DF /* TrimmingPlayerView.swift in Sources */ = {isa = PBXBuildFile; fileRef = EB296DF22D653556008427DF /* TrimmingPlayerView.swift */; };
		EB2ECD532DADD7FD005D1E06 /* Shaders.metal in Sources */ = {isa = PBXBuildFile; fileRef = EB2ECD522DADD7F6005D1E06 /* Shaders.metal */; };
		EB32A24F2E144BE00082B7FD /* WhatsNewView.swift in Sources */ = {isa = PBXBuildFile; fileRef = EB32A24E2E144BE00082B7FD /* WhatsNewView.swift */; };
		EB3DF85A2DDBFFC900198AAB /* CoreAudio.swift in Sources */ = {isa = PBXBuildFile; fileRef = EB3DF8592DDBFFC900198AAB /* CoreAudio.swift */; };
		EB4467CC2D07C52F000DDE5A /* SampleLibraryView.swift in Sources */ = {isa = PBXBuildFile; fileRef = EB4467CB2D07C52F000DDE5A /* SampleLibraryView.swift */; };
		EB467BCF2D920849007E19E8 /* OnboardingView.swift in Sources */ = {isa = PBXBuildFile; fileRef = EB467BCD2D920849007E19E8 /* OnboardingView.swift */; };
		EB467BD42D920919007E19E8 /* Buttons.swift in Sources */ = {isa = PBXBuildFile; fileRef = EB467BD32D920917007E19E8 /* Buttons.swift */; };
		EB467BD62D9209CA007E19E8 /* AppKitWindowManagerDelegate.swift in Sources */ = {isa = PBXBuildFile; fileRef = EB467BD52D9209C7007E19E8 /* AppKitWindowManagerDelegate.swift */; };
		EB467BD82D920D34007E19E8 /* LCDScreenView.swift in Sources */ = {isa = PBXBuildFile; fileRef = EB467BD72D920D2C007E19E8 /* LCDScreenView.swift */; };
		EB4776562DCAA6CF00B6D553 /* SwiftDirectoryWatcher in Frameworks */ = {isa = PBXBuildFile; productRef = EB4776552DCAA6CF00B6D553 /* SwiftDirectoryWatcher */; };
		EB4776572DCAA6DD00B6D553 /* SwiftDirectoryWatcher in Embed Frameworks */ = {isa = PBXBuildFile; productRef = EB4776552DCAA6CF00B6D553 /* SwiftDirectoryWatcher */; settings = {ATTRIBUTES = (CodeSignOnCopy, ); }; };
		EB516E3F2CB75BD100A1C1E6 /* README.md in Resources */ = {isa = PBXBuildFile; fileRef = EB516E3E2CB75BD100A1C1E6 /* README.md */; };
		EB57F35A2E2DDC13006A5D94 /* GlobalRecordingPreviewWindow.swift in Sources */ = {isa = PBXBuildFile; fileRef = EB57F3592E2DDC13006A5D94 /* GlobalRecordingPreviewWindow.swift */; };
		EB57F35D2E2ED58A006A5D94 /* ListView.swift in Sources */ = {isa = PBXBuildFile; fileRef = EB57F35C2E2ED588006A5D94 /* ListView.swift */; };
		EB57F35F2E2EDAB8006A5D94 /* TableView.swift in Sources */ = {isa = PBXBuildFile; fileRef = EB57F35E2E2EDAB8006A5D94 /* TableView.swift */; };
		EB5BB4382DD6590800DFAA33 /* SampleLibraryViewModel.swift in Sources */ = {isa = PBXBuildFile; fileRef = EB5BB4372DD6590700DFAA33 /* SampleLibraryViewModel.swift */; };
		EB5C8FCC2D99DBDD00C4C3C2 /* Encoder.swift in Sources */ = {isa = PBXBuildFile; fileRef = EB5C8FCB2D99DBD800C4C3C2 /* Encoder.swift */; };
		EB6065192C850A300017CB33 /* TapeRecorderState.swift in Sources */ = {isa = PBXBuildFile; fileRef = EB6065182C850A300017CB33 /* TapeRecorderState.swift */; };
		EB6127412E04E20300853E4E /* DebugTabView.swift in Sources */ = {isa = PBXBuildFile; fileRef = EB6127402E04E20300853E4E /* DebugTabView.swift */; };
		EB63A3022D6A88AB00E35AE6 /* SampleStorage.swift in Sources */ = {isa = PBXBuildFile; fileRef = EB63A3012D6A88A700E35AE6 /* SampleStorage.swift */; };
		EB63A3042D6A8E2A00E35AE6 /* AppState.swift in Sources */ = {isa = PBXBuildFile; fileRef = EB63A3032D6A8E2800E35AE6 /* AppState.swift */; };
		EB64CD122D14FC5200F2B65E /* SettingsView.swift in Sources */ = {isa = PBXBuildFile; fileRef = EB64CD112D14FC5200F2B65E /* SettingsView.swift */; };
		EB64CD142D1A0E1500F2B65E /* Shared.swift in Sources */ = {isa = PBXBuildFile; fileRef = EB64CD132D1A0E1500F2B65E /* Shared.swift */; };
		EB801B372DB47DDE009632D0 /* RecordingGlyph.swift in Sources */ = {isa = PBXBuildFile; fileRef = EB801B362DB47DDE009632D0 /* RecordingGlyph.swift */; };
		EB801B392DB48011009632D0 /* SourceGlyph.swift in Sources */ = {isa = PBXBuildFile; fileRef = EB801B382DB48011009632D0 /* SourceGlyph.swift */; };
		EB801B3B2DB4809B009632D0 /* ErrorGlyph.swift in Sources */ = {isa = PBXBuildFile; fileRef = EB801B3A2DB4809B009632D0 /* ErrorGlyph.swift */; };
		EB801B3D2DB4914E009632D0 /* DonutSpinner.swift in Sources */ = {isa = PBXBuildFile; fileRef = EB801B3C2DB4914E009632D0 /* DonutSpinner.swift */; };
		EB8313F22D4DCDD600B343FF /* SidebarView.swift in Sources */ = {isa = PBXBuildFile; fileRef = EB8313F12D4DCDD600B343FF /* SidebarView.swift */; };
		EB8313F42D4DF59700B343FF /* DetailView.swift in Sources */ = {isa = PBXBuildFile; fileRef = EB8313F32D4DF59700B343FF /* DetailView.swift */; };
		EB8642642DA4A41C00D4883B /* SampleMetadata.swift in Sources */ = {isa = PBXBuildFile; fileRef = EB8642632DA4A41900D4883B /* SampleMetadata.swift */; };
		EB8642662DA7587C00D4883B /* SampleEditConfiguration.swift in Sources */ = {isa = PBXBuildFile; fileRef = EB8642652DA7587600D4883B /* SampleEditConfiguration.swift */; };
		EB90E5A12DAF37AC0067194C /* KeyboardShortcuts in Frameworks */ = {isa = PBXBuildFile; productRef = EB90E5A02DAF37AC0067194C /* KeyboardShortcuts */; };
		EB90E5A32DB192D80067194C /* UserNotifications.swift in Sources */ = {isa = PBXBuildFile; fileRef = EB90E5A22DB192D30067194C /* UserNotifications.swift */; };
		EB9C7A032DEE4AFE009CDCA2 /* LaunchAtLogin in Frameworks */ = {isa = PBXBuildFile; productRef = EB9C7A022DEE4AFE009CDCA2 /* LaunchAtLogin */; };
		EB9C7A052DEE54A5009CDCA2 /* LicenseTabView.swift in Sources */ = {isa = PBXBuildFile; fileRef = EB9C7A042DEE54A5009CDCA2 /* LicenseTabView.swift */; };
		EB9E1AB52DF36E3E008F6527 /* StoreKitTestCertificate.cer in Resources */ = {isa = PBXBuildFile; fileRef = EB9E1AB42DF36E3E008F6527 /* StoreKitTestCertificate.cer */; };
		EB9E1AB72DF3839E008F6527 /* StoreKitManager.swift in Sources */ = {isa = PBXBuildFile; fileRef = EB9E1AB62DF38396008F6527 /* StoreKitManager.swift */; };
		EBA1224F2DC722D200E603D3 /* InspectorView.swift in Sources */ = {isa = PBXBuildFile; fileRef = EBA1224E2DC722D200E603D3 /* InspectorView.swift */; };
		EBA122522DC7230C00E603D3 /* ToolbarButtons.swift in Sources */ = {isa = PBXBuildFile; fileRef = EBA122512DC7230C00E603D3 /* ToolbarButtons.swift */; };
		EBA4165C2E171328007415CD /* Noise.metal in Sources */ = {isa = PBXBuildFile; fileRef = EBA4165B2E171328007415CD /* Noise.metal */; };
		EBAAA3E12E4A951700BD1CF9 /* DSWaveformImage in Frameworks */ = {isa = PBXBuildFile; productRef = EBAAA3E02E4A951700BD1CF9 /* DSWaveformImage */; };
		EBAAA3E32E4A951700BD1CF9 /* DSWaveformImageViews in Frameworks */ = {isa = PBXBuildFile; productRef = EBAAA3E22E4A951700BD1CF9 /* DSWaveformImageViews */; };
		EBACB7D92DAB20E900160799 /* GeneralTabView.swift in Sources */ = {isa = PBXBuildFile; fileRef = EBACB7D82DAB20E000160799 /* GeneralTabView.swift */; };
		EBACB7DB2DAB213E00160799 /* RecordingTabView.swift in Sources */ = {isa = PBXBuildFile; fileRef = EBACB7DA2DAB213E00160799 /* RecordingTabView.swift */; };
		EBAF02632C8A132800520D44 /* Logging.swift in Sources */ = {isa = PBXBuildFile; fileRef = EBAF02622C8A132800520D44 /* Logging.swift */; };
		EBB435982DB42514006F9439 /* VUMeterView.swift in Sources */ = {isa = PBXBuildFile; fileRef = EBB435972DB42514006F9439 /* VUMeterView.swift */; };
		EBB69B002DA24DB100ADA2DD /* TemporaryActiveRecording.swift in Sources */ = {isa = PBXBuildFile; fileRef = EBB69AFF2DA24DB100ADA2DD /* TemporaryActiveRecording.swift */; };
		EBB69B022DA252CC00ADA2DD /* SampleEditOperation.swift in Sources */ = {isa = PBXBuildFile; fileRef = EBB69B012DA252C800ADA2DD /* SampleEditOperation.swift */; };
		EBBBFE862CA1F57300E987B1 /* MenuBar.swift in Sources */ = {isa = PBXBuildFile; fileRef = EBBBFE852CA1F57300E987B1 /* MenuBar.swift */; };
		EBBBFE8B2CA2569600E987B1 /* TapeMechanism.swift in Sources */ = {isa = PBXBuildFile; fileRef = EBBBFE8A2CA2569600E987B1 /* TapeMechanism.swift */; };
		EBBBFE8D2CA2583800E987B1 /* SCStreamManager.swift in Sources */ = {isa = PBXBuildFile; fileRef = EBBBFE8C2CA2583800E987B1 /* SCStreamManager.swift */; };
		EBBBFE8F2CA2588A00E987B1 /* AudioManager.swift in Sources */ = {isa = PBXBuildFile; fileRef = EBBBFE8E2CA2588A00E987B1 /* AudioManager.swift */; };
		EBBBFE912CA2590100E987B1 /* Extensions.swift in Sources */ = {isa = PBXBuildFile; fileRef = EBBBFE902CA2590100E987B1 /* Extensions.swift */; };
		EBBBFE932CA2593900E987B1 /* Protocols.swift in Sources */ = {isa = PBXBuildFile; fileRef = EBBBFE922CA2593900E987B1 /* Protocols.swift */; };
		EBCA46E22CACBEE700040159 /* EditSampleView.swift in Sources */ = {isa = PBXBuildFile; fileRef = EBCA46E12CACBEE700040159 /* EditSampleView.swift */; };
		EBCA8F8B2D7918BB0041B03B /* TASAExplorer-SemiBold.otf in Resources */ = {isa = PBXBuildFile; fileRef = EBCA8F8A2D7918BB0041B03B /* TASAExplorer-SemiBold.otf */; };
		EBCA8F8F2D7A952D0041B03B /* Credits.rtfd in Resources */ = {isa = PBXBuildFile; fileRef = EBCA8F8E2D7A952D0041B03B /* Credits.rtfd */; };
		EBCB69112DF25B7600C30088 /* Products.storekit in Resources */ = {isa = PBXBuildFile; fileRef = EBCB69102DF25B7600C30088 /* Products.storekit */; };
		EBCF5FEC2CEAD8950047405A /* TitleBar.swift in Sources */ = {isa = PBXBuildFile; fileRef = EBCF5FEB2CEAD8950047405A /* TitleBar.swift */; };
		EBD114F32DCBFE8D003ABBB9 /* GlobalRecordingPreviewView.swift in Sources */ = {isa = PBXBuildFile; fileRef = EBD114F12DCBFE8D003ABBB9 /* GlobalRecordingPreviewView.swift */; };
		EBD114F62DCBFEA5003ABBB9 /* FluidGradient in Frameworks */ = {isa = PBXBuildFile; productRef = EBD114F52DCBFEA5003ABBB9 /* FluidGradient */; };
		EBDD4C4F2E53C463001FCDD8 /* SwiftUIIntrospect in Frameworks */ = {isa = PBXBuildFile; productRef = EBDD4C4E2E53C463001FCDD8 /* SwiftUIIntrospect */; };
		EBDF782E2D80146E00941981 /* Tachyo.otf in Resources */ = {isa = PBXBuildFile; fileRef = EBDF782D2D80146E00941981 /* Tachyo.otf */; };
		EBE4E9482C43244D00397EF2 /* RM2000 Tape Recorder.swift in Sources */ = {isa = PBXBuildFile; fileRef = EBE4E9472C43244D00397EF2 /* RM2000 Tape Recorder.swift */; };
		EBE4E94A2C43244D00397EF2 /* ContentView.swift in Sources */ = {isa = PBXBuildFile; fileRef = EBE4E9492C43244D00397EF2 /* ContentView.swift */; };
		EBE4E94C2C43244F00397EF2 /* Assets.xcassets in Resources */ = {isa = PBXBuildFile; fileRef = EBE4E94B2C43244F00397EF2 /* Assets.xcassets */; };
		EBE4E94F2C43244F00397EF2 /* Preview Assets.xcassets in Resources */ = {isa = PBXBuildFile; fileRef = EBE4E94E2C43244F00397EF2 /* Preview Assets.xcassets */; };
		EBF3A1D92DB981FA00BF0944 /* AudioFormat.swift in Sources */ = {isa = PBXBuildFile; fileRef = EBF3A1D82DB981FA00BF0944 /* AudioFormat.swift */; };
		EBF3A1DB2DB987F800BF0944 /* RecordingStateEnum.swift in Sources */ = {isa = PBXBuildFile; fileRef = EBF3A1DA2DB987F100BF0944 /* RecordingStateEnum.swift */; };
		EBF4939F2E4E75E900D7299C /* RenderMeThis in Frameworks */ = {isa = PBXBuildFile; productRef = EBF4939E2E4E75E900D7299C /* RenderMeThis */; };
		EBF493A12E4E7AB800D7299C /* AudioPlayerToolbar.swift in Sources */ = {isa = PBXBuildFile; fileRef = EBF493A02E4E7AB300D7299C /* AudioPlayerToolbar.swift */; };
		EBF950802DA995F30060CF03 /* TokenFieldView.swift in Sources */ = {isa = PBXBuildFile; fileRef = EBF9507F2DA995EF0060CF03 /* TokenFieldView.swift */; };
		EBFCB1132D77988600A9A226 /* SettingsAccess in Frameworks */ = {isa = PBXBuildFile; productRef = EBFCB1122D77988600A9A226 /* SettingsAccess */; };
/* End PBXBuildFile section */

/* Begin PBXCopyFilesBuildPhase section */
		EB4776532DCAA6B600B6D553 /* Embed Frameworks */ = {
			isa = PBXCopyFilesBuildPhase;
			buildActionMask = 2147483647;
			dstPath = "";
			dstSubfolderSpec = 10;
			files = (
				EB4776572DCAA6DD00B6D553 /* SwiftDirectoryWatcher in Embed Frameworks */,
			);
			name = "Embed Frameworks";
			runOnlyForDeploymentPostprocessing = 0;
		};
/* End PBXCopyFilesBuildPhase section */

/* Begin PBXFileReference section */
		EB11B4412DF6126900B4F7CC /* WelcomeOnboardingView.swift */ = {isa = PBXFileReference; lastKnownFileType = sourcecode.swift; path = WelcomeOnboardingView.swift; sourceTree = "<group>"; };
		EB11B4432DF61FFF00B4F7CC /* GettingStartedOnboardingView.swift */ = {isa = PBXFileReference; lastKnownFileType = sourcecode.swift; path = GettingStartedOnboardingView.swift; sourceTree = "<group>"; };
		EB11B4452DF6337200B4F7CC /* SettingsOnboardingView.swift */ = {isa = PBXFileReference; lastKnownFileType = sourcecode.swift; path = SettingsOnboardingView.swift; sourceTree = "<group>"; };
		EB11B4492DF662FC00B4F7CC /* Acknowledgements.rtf */ = {isa = PBXFileReference; lastKnownFileType = text.rtf; path = Acknowledgements.rtf; sourceTree = "<group>"; };
		EB11B44B2DF77D9B00B4F7CC /* InstrumentSerif-Regular.ttf */ = {isa = PBXFileReference; lastKnownFileType = file; path = "InstrumentSerif-Regular.ttf"; sourceTree = "<group>"; };
		EB11B44D2DF7C5B400B4F7CC /* RequestPermissionOnboardingView.swift */ = {isa = PBXFileReference; lastKnownFileType = sourcecode.swift; path = RequestPermissionOnboardingView.swift; sourceTree = "<group>"; };
		EB11B4502DF7CCA900B4F7CC /* CompletedOnboardingView.swift */ = {isa = PBXFileReference; lastKnownFileType = sourcecode.swift; path = CompletedOnboardingView.swift; sourceTree = "<group>"; };
		EB12BC952DC7FE6A0011B7FF /* TagComponent.swift */ = {isa = PBXFileReference; lastKnownFileType = sourcecode.swift; path = TagComponent.swift; sourceTree = "<group>"; };
		EB12BC9A2DC808210011B7FF /* WaveformView.swift */ = {isa = PBXFileReference; lastKnownFileType = sourcecode.swift; path = WaveformView.swift; sourceTree = "<group>"; };
		EB12BCA22DC813D30011B7FF /* SampleLibraryAutoPlayer.swift */ = {isa = PBXFileReference; lastKnownFileType = sourcecode.swift; path = SampleLibraryAutoPlayer.swift; sourceTree = "<group>"; };
		EB1565112D558F1F00A3D339 /* Sample.swift */ = {isa = PBXFileReference; lastKnownFileType = sourcecode.swift; path = Sample.swift; sourceTree = "<group>"; };
		EB1A60692DEA521E0067A4E3 /* PreviewFilenameView.swift */ = {isa = PBXFileReference; lastKnownFileType = sourcecode.swift; path = PreviewFilenameView.swift; sourceTree = "<group>"; };
		EB296DF22D653556008427DF /* TrimmingPlayerView.swift */ = {isa = PBXFileReference; lastKnownFileType = sourcecode.swift; path = TrimmingPlayerView.swift; sourceTree = "<group>"; };
		EB2ECD522DADD7F6005D1E06 /* Shaders.metal */ = {isa = PBXFileReference; lastKnownFileType = sourcecode.metal; path = Shaders.metal; sourceTree = "<group>"; };
		EB32A24E2E144BE00082B7FD /* WhatsNewView.swift */ = {isa = PBXFileReference; lastKnownFileType = sourcecode.swift; path = WhatsNewView.swift; sourceTree = "<group>"; };
		EB3DF8592DDBFFC900198AAB /* CoreAudio.swift */ = {isa = PBXFileReference; lastKnownFileType = sourcecode.swift; path = CoreAudio.swift; sourceTree = "<group>"; };
		EB3DF85F2DDD114A00198AAB /* LICENSE */ = {isa = PBXFileReference; lastKnownFileType = text; path = LICENSE; sourceTree = "<group>"; };
		EB4467CB2D07C52F000DDE5A /* SampleLibraryView.swift */ = {isa = PBXFileReference; lastKnownFileType = sourcecode.swift; path = SampleLibraryView.swift; sourceTree = "<group>"; tabWidth = 2; };
		EB467BCD2D920849007E19E8 /* OnboardingView.swift */ = {isa = PBXFileReference; lastKnownFileType = sourcecode.swift; path = OnboardingView.swift; sourceTree = "<group>"; };
		EB467BD32D920917007E19E8 /* Buttons.swift */ = {isa = PBXFileReference; lastKnownFileType = sourcecode.swift; path = Buttons.swift; sourceTree = "<group>"; };
		EB467BD52D9209C7007E19E8 /* AppKitWindowManagerDelegate.swift */ = {isa = PBXFileReference; lastKnownFileType = sourcecode.swift; path = AppKitWindowManagerDelegate.swift; sourceTree = "<group>"; };
		EB467BD72D920D2C007E19E8 /* LCDScreenView.swift */ = {isa = PBXFileReference; lastKnownFileType = sourcecode.swift; path = LCDScreenView.swift; sourceTree = "<group>"; };
		EB516E3D2CB75BC300A1C1E6 /* README.md */ = {isa = PBXFileReference; lastKnownFileType = net.daringfireball.markdown; path = README.md; sourceTree = SOURCE_ROOT; };
		EB516E3E2CB75BD100A1C1E6 /* README.md */ = {isa = PBXFileReference; fileEncoding = 4; lastKnownFileType = net.daringfireball.markdown; path = README.md; sourceTree = SOURCE_ROOT; };
		EB57F3592E2DDC13006A5D94 /* GlobalRecordingPreviewWindow.swift */ = {isa = PBXFileReference; lastKnownFileType = sourcecode.swift; path = GlobalRecordingPreviewWindow.swift; sourceTree = "<group>"; };
		EB57F35C2E2ED588006A5D94 /* ListView.swift */ = {isa = PBXFileReference; lastKnownFileType = sourcecode.swift; path = ListView.swift; sourceTree = "<group>"; };
		EB57F35E2E2EDAB8006A5D94 /* TableView.swift */ = {isa = PBXFileReference; lastKnownFileType = sourcecode.swift; path = TableView.swift; sourceTree = "<group>"; };
		EB5BB4372DD6590700DFAA33 /* SampleLibraryViewModel.swift */ = {isa = PBXFileReference; indentWidth = 2; lastKnownFileType = sourcecode.swift; path = SampleLibraryViewModel.swift; sourceTree = "<group>"; tabWidth = 1; usesTabs = 0; wrapsLines = 1; };
		EB5C8FCB2D99DBD800C4C3C2 /* Encoder.swift */ = {isa = PBXFileReference; lastKnownFileType = sourcecode.swift; path = Encoder.swift; sourceTree = "<group>"; };
		EB6065182C850A300017CB33 /* TapeRecorderState.swift */ = {isa = PBXFileReference; lastKnownFileType = sourcecode.swift; path = TapeRecorderState.swift; sourceTree = "<group>"; };
		EB6127402E04E20300853E4E /* DebugTabView.swift */ = {isa = PBXFileReference; lastKnownFileType = sourcecode.swift; path = DebugTabView.swift; sourceTree = "<group>"; };
		EB63A3012D6A88A700E35AE6 /* SampleStorage.swift */ = {isa = PBXFileReference; lastKnownFileType = sourcecode.swift; path = SampleStorage.swift; sourceTree = "<group>"; };
		EB63A3032D6A8E2800E35AE6 /* AppState.swift */ = {isa = PBXFileReference; lastKnownFileType = sourcecode.swift; path = AppState.swift; sourceTree = "<group>"; };
		EB64CD112D14FC5200F2B65E /* SettingsView.swift */ = {isa = PBXFileReference; lastKnownFileType = sourcecode.swift; path = SettingsView.swift; sourceTree = "<group>"; };
		EB64CD132D1A0E1500F2B65E /* Shared.swift */ = {isa = PBXFileReference; lastKnownFileType = sourcecode.swift; path = Shared.swift; sourceTree = "<group>"; };
		EB801B362DB47DDE009632D0 /* RecordingGlyph.swift */ = {isa = PBXFileReference; lastKnownFileType = sourcecode.swift; path = RecordingGlyph.swift; sourceTree = "<group>"; };
		EB801B382DB48011009632D0 /* SourceGlyph.swift */ = {isa = PBXFileReference; lastKnownFileType = sourcecode.swift; path = SourceGlyph.swift; sourceTree = "<group>"; };
		EB801B3A2DB4809B009632D0 /* ErrorGlyph.swift */ = {isa = PBXFileReference; lastKnownFileType = sourcecode.swift; path = ErrorGlyph.swift; sourceTree = "<group>"; };
		EB801B3C2DB4914E009632D0 /* DonutSpinner.swift */ = {isa = PBXFileReference; lastKnownFileType = sourcecode.swift; path = DonutSpinner.swift; sourceTree = "<group>"; };
		EB8159732DA989B40087B19A /* Example__sample.aac */ = {isa = PBXFileReference; lastKnownFileType = file; path = Example__sample.aac; sourceTree = "<group>"; };
		EB8313F12D4DCDD600B343FF /* SidebarView.swift */ = {isa = PBXFileReference; lastKnownFileType = sourcecode.swift; path = SidebarView.swift; sourceTree = "<group>"; };
		EB8313F32D4DF59700B343FF /* DetailView.swift */ = {isa = PBXFileReference; lastKnownFileType = sourcecode.swift; path = DetailView.swift; sourceTree = "<group>"; };
		EB8642632DA4A41900D4883B /* SampleMetadata.swift */ = {isa = PBXFileReference; lastKnownFileType = sourcecode.swift; path = SampleMetadata.swift; sourceTree = "<group>"; };
		EB8642652DA7587600D4883B /* SampleEditConfiguration.swift */ = {isa = PBXFileReference; lastKnownFileType = sourcecode.swift; path = SampleEditConfiguration.swift; sourceTree = "<group>"; };
		EB90E5A22DB192D30067194C /* UserNotifications.swift */ = {isa = PBXFileReference; lastKnownFileType = sourcecode.swift; path = UserNotifications.swift; sourceTree = "<group>"; };
		EB9C7A042DEE54A5009CDCA2 /* LicenseTabView.swift */ = {isa = PBXFileReference; lastKnownFileType = sourcecode.swift; path = LicenseTabView.swift; sourceTree = "<group>"; };
		EB9E1AB42DF36E3E008F6527 /* StoreKitTestCertificate.cer */ = {isa = PBXFileReference; lastKnownFileType = file; path = StoreKitTestCertificate.cer; sourceTree = "<group>"; };
		EB9E1AB62DF38396008F6527 /* StoreKitManager.swift */ = {isa = PBXFileReference; lastKnownFileType = sourcecode.swift; path = StoreKitManager.swift; sourceTree = "<group>"; };
		EBA1224E2DC722D200E603D3 /* InspectorView.swift */ = {isa = PBXFileReference; lastKnownFileType = sourcecode.swift; path = InspectorView.swift; sourceTree = "<group>"; };
		EBA122512DC7230C00E603D3 /* ToolbarButtons.swift */ = {isa = PBXFileReference; lastKnownFileType = sourcecode.swift; path = ToolbarButtons.swift; sourceTree = "<group>"; };
		EBA4165B2E171328007415CD /* Noise.metal */ = {isa = PBXFileReference; lastKnownFileType = sourcecode.metal; path = Noise.metal; sourceTree = "<group>"; };
		EBACB7D82DAB20E000160799 /* GeneralTabView.swift */ = {isa = PBXFileReference; lastKnownFileType = sourcecode.swift; path = GeneralTabView.swift; sourceTree = "<group>"; };
		EBACB7DA2DAB213E00160799 /* RecordingTabView.swift */ = {isa = PBXFileReference; lastKnownFileType = sourcecode.swift; path = RecordingTabView.swift; sourceTree = "<group>"; };
		EBAF02622C8A132800520D44 /* Logging.swift */ = {isa = PBXFileReference; lastKnownFileType = sourcecode.swift; path = Logging.swift; sourceTree = "<group>"; };
		EBB435972DB42514006F9439 /* VUMeterView.swift */ = {isa = PBXFileReference; lastKnownFileType = sourcecode.swift; path = VUMeterView.swift; sourceTree = "<group>"; };
		EBB69AFF2DA24DB100ADA2DD /* TemporaryActiveRecording.swift */ = {isa = PBXFileReference; lastKnownFileType = sourcecode.swift; path = TemporaryActiveRecording.swift; sourceTree = "<group>"; };
		EBB69B012DA252C800ADA2DD /* SampleEditOperation.swift */ = {isa = PBXFileReference; lastKnownFileType = sourcecode.swift; path = SampleEditOperation.swift; sourceTree = "<group>"; };
		EBBBFE852CA1F57300E987B1 /* MenuBar.swift */ = {isa = PBXFileReference; lastKnownFileType = sourcecode.swift; path = MenuBar.swift; sourceTree = "<group>"; };
		EBBBFE8A2CA2569600E987B1 /* TapeMechanism.swift */ = {isa = PBXFileReference; lastKnownFileType = sourcecode.swift; path = TapeMechanism.swift; sourceTree = "<group>"; };
		EBBBFE8C2CA2583800E987B1 /* SCStreamManager.swift */ = {isa = PBXFileReference; lastKnownFileType = sourcecode.swift; path = SCStreamManager.swift; sourceTree = "<group>"; };
		EBBBFE8E2CA2588A00E987B1 /* AudioManager.swift */ = {isa = PBXFileReference; lastKnownFileType = sourcecode.swift; path = AudioManager.swift; sourceTree = "<group>"; };
		EBBBFE902CA2590100E987B1 /* Extensions.swift */ = {isa = PBXFileReference; lastKnownFileType = sourcecode.swift; path = Extensions.swift; sourceTree = "<group>"; };
		EBBBFE922CA2593900E987B1 /* Protocols.swift */ = {isa = PBXFileReference; lastKnownFileType = sourcecode.swift; path = Protocols.swift; sourceTree = "<group>"; };
		EBCA46E12CACBEE700040159 /* EditSampleView.swift */ = {isa = PBXFileReference; lastKnownFileType = sourcecode.swift; path = EditSampleView.swift; sourceTree = "<group>"; };
		EBCA8F8A2D7918BB0041B03B /* TASAExplorer-SemiBold.otf */ = {isa = PBXFileReference; lastKnownFileType = file; path = "TASAExplorer-SemiBold.otf"; sourceTree = "<group>"; };
		EBCA8F8E2D7A952D0041B03B /* Credits.rtfd */ = {isa = PBXFileReference; lastKnownFileType = wrapper.rtfd; path = Credits.rtfd; sourceTree = "<group>"; };
		EBCB69102DF25B7600C30088 /* Products.storekit */ = {isa = PBXFileReference; lastKnownFileType = text; path = Products.storekit; sourceTree = "<group>"; };
		EBCF5FEB2CEAD8950047405A /* TitleBar.swift */ = {isa = PBXFileReference; lastKnownFileType = sourcecode.swift; path = TitleBar.swift; sourceTree = "<group>"; usesTabs = 0; };
		EBD114F12DCBFE8D003ABBB9 /* GlobalRecordingPreviewView.swift */ = {isa = PBXFileReference; lastKnownFileType = sourcecode.swift; path = GlobalRecordingPreviewView.swift; sourceTree = "<group>"; };
		EBDF782D2D80146E00941981 /* Tachyo.otf */ = {isa = PBXFileReference; lastKnownFileType = file; path = Tachyo.otf; sourceTree = "<group>"; };
		EBDF782F2D8016A700941981 /* Info.plist */ = {isa = PBXFileReference; lastKnownFileType = text.plist.xml; path = Info.plist; sourceTree = "<group>"; };
		EBE4E9442C43244D00397EF2 /* RM2000 Tape Recorder.app */ = {isa = PBXFileReference; explicitFileType = wrapper.application; includeInIndex = 0; path = "RM2000 Tape Recorder.app"; sourceTree = BUILT_PRODUCTS_DIR; };
		EBE4E9472C43244D00397EF2 /* RM2000 Tape Recorder.swift */ = {isa = PBXFileReference; lastKnownFileType = sourcecode.swift; path = "RM2000 Tape Recorder.swift"; sourceTree = "<group>"; };
		EBE4E9492C43244D00397EF2 /* ContentView.swift */ = {isa = PBXFileReference; lastKnownFileType = sourcecode.swift; path = ContentView.swift; sourceTree = "<group>"; };
		EBE4E94B2C43244F00397EF2 /* Assets.xcassets */ = {isa = PBXFileReference; lastKnownFileType = folder.assetcatalog; path = Assets.xcassets; sourceTree = "<group>"; };
		EBE4E94E2C43244F00397EF2 /* Preview Assets.xcassets */ = {isa = PBXFileReference; lastKnownFileType = folder.assetcatalog; path = "Preview Assets.xcassets"; sourceTree = "<group>"; };
		EBE4E9502C43244F00397EF2 /* rm2000.entitlements */ = {isa = PBXFileReference; lastKnownFileType = text.plist.entitlements; path = rm2000.entitlements; sourceTree = "<group>"; };
		EBE4E9592C43245000397EF2 /* rm2000Tests.swift */ = {isa = PBXFileReference; lastKnownFileType = sourcecode.swift; path = rm2000Tests.swift; sourceTree = "<group>"; };
		EBE4E9632C43245000397EF2 /* rm2000UITests.swift */ = {isa = PBXFileReference; lastKnownFileType = sourcecode.swift; path = rm2000UITests.swift; sourceTree = "<group>"; };
		EBE4E9652C43245000397EF2 /* rm2000UITestsLaunchTests.swift */ = {isa = PBXFileReference; lastKnownFileType = sourcecode.swift; path = rm2000UITestsLaunchTests.swift; sourceTree = "<group>"; };
		EBF3A1D82DB981FA00BF0944 /* AudioFormat.swift */ = {isa = PBXFileReference; lastKnownFileType = sourcecode.swift; path = AudioFormat.swift; sourceTree = "<group>"; };
		EBF3A1DA2DB987F100BF0944 /* RecordingStateEnum.swift */ = {isa = PBXFileReference; lastKnownFileType = sourcecode.swift; path = RecordingStateEnum.swift; sourceTree = "<group>"; };
		EBF493A02E4E7AB300D7299C /* AudioPlayerToolbar.swift */ = {isa = PBXFileReference; lastKnownFileType = sourcecode.swift; path = AudioPlayerToolbar.swift; sourceTree = "<group>"; };
		EBF9507F2DA995EF0060CF03 /* TokenFieldView.swift */ = {isa = PBXFileReference; lastKnownFileType = sourcecode.swift; path = TokenFieldView.swift; sourceTree = "<group>"; };
/* End PBXFileReference section */

/* Begin PBXFrameworksBuildPhase section */
		EBE4E9412C43244D00397EF2 /* Frameworks */ = {
			isa = PBXFrameworksBuildPhase;
			buildActionMask = 2147483647;
			files = (
				EBAAA3E12E4A951700BD1CF9 /* DSWaveformImage in Frameworks */,
				EB90E5A12DAF37AC0067194C /* KeyboardShortcuts in Frameworks */,
				EBF4939F2E4E75E900D7299C /* RenderMeThis in Frameworks */,
				EBDD4C4F2E53C463001FCDD8 /* SwiftUIIntrospect in Frameworks */,
				EBFCB1132D77988600A9A226 /* SettingsAccess in Frameworks */,
				EBAAA3E32E4A951700BD1CF9 /* DSWaveformImageViews in Frameworks */,
				EB4776562DCAA6CF00B6D553 /* SwiftDirectoryWatcher in Frameworks */,
				EB9C7A032DEE4AFE009CDCA2 /* LaunchAtLogin in Frameworks */,
				EBD114F62DCBFEA5003ABBB9 /* FluidGradient in Frameworks */,
				EB16006A2E66581000D4BC8E /* SFBAudioEngine in Frameworks */,
			);
			runOnlyForDeploymentPostprocessing = 0;
		};
/* End PBXFrameworksBuildPhase section */

/* Begin PBXGroup section */
		EB12BCA12DC813C00011B7FF /* Audio Player */ = {
			isa = PBXGroup;
			children = (
				EBF493A02E4E7AB300D7299C /* AudioPlayerToolbar.swift */,
				EB12BCA22DC813D30011B7FF /* SampleLibraryAutoPlayer.swift */,
			);
			path = "Audio Player";
			sourceTree = "<group>";
		};
		EB1565102D558F0700A3D339 /* Models */ = {
			isa = PBXGroup;
			children = (
				EBF3A1DA2DB987F100BF0944 /* RecordingStateEnum.swift */,
				EBF3A1D82DB981FA00BF0944 /* AudioFormat.swift */,
				EB8642652DA7587600D4883B /* SampleEditConfiguration.swift */,
				EB8642632DA4A41900D4883B /* SampleMetadata.swift */,
				EBB69B012DA252C800ADA2DD /* SampleEditOperation.swift */,
				EB63A3012D6A88A700E35AE6 /* SampleStorage.swift */,
				EB1565112D558F1F00A3D339 /* Sample.swift */,
				EBB69AFF2DA24DB100ADA2DD /* TemporaryActiveRecording.swift */,
			);
			path = Models;
			sourceTree = "<group>";
		};
		EB296DE52D653468008427DF /* Sample Editing */ = {
			isa = PBXGroup;
			children = (
				EB1A60692DEA521E0067A4E3 /* PreviewFilenameView.swift */,
				EBF9507E2DA995E20060CF03 /* TokenField */,
				EB296DF22D653556008427DF /* TrimmingPlayerView.swift */,
				EBCA46E12CACBEE700040159 /* EditSampleView.swift */,
			);
			path = "Sample Editing";
			sourceTree = "<group>";
		};
		EB3DF8562DDBFED000198AAB /* Backends */ = {
			isa = PBXGroup;
			children = (
				EB3DF8582DDBFEEF00198AAB /* CoreAudioTaps */,
				EB3DF8572DDBFEE300198AAB /* ScreenCaptureKit */,
				EBBBFE922CA2593900E987B1 /* Protocols.swift */,
			);
			path = Backends;
			sourceTree = "<group>";
		};
		EB3DF8572DDBFEE300198AAB /* ScreenCaptureKit */ = {
			isa = PBXGroup;
			children = (
				EBBBFE8C2CA2583800E987B1 /* SCStreamManager.swift */,
			);
			path = ScreenCaptureKit;
			sourceTree = "<group>";
		};
		EB3DF8582DDBFEEF00198AAB /* CoreAudioTaps */ = {
			isa = PBXGroup;
			children = (
				EB3DF8592DDBFFC900198AAB /* CoreAudio.swift */,
			);
			path = CoreAudioTaps;
			sourceTree = "<group>";
		};
		EB467BCE2D920849007E19E8 /* Onboarding */ = {
			isa = PBXGroup;
			children = (
				EB467BCD2D920849007E19E8 /* OnboardingView.swift */,
				EB11B4412DF6126900B4F7CC /* WelcomeOnboardingView.swift */,
				EB11B4432DF61FFF00B4F7CC /* GettingStartedOnboardingView.swift */,
				EB11B4452DF6337200B4F7CC /* SettingsOnboardingView.swift */,
				EB11B44D2DF7C5B400B4F7CC /* RequestPermissionOnboardingView.swift */,
				EB11B4502DF7CCA900B4F7CC /* CompletedOnboardingView.swift */,
			);
			path = Onboarding;
			sourceTree = "<group>";
		};
		EB467BD02D92087C007E19E8 /* Main Window */ = {
			isa = PBXGroup;
			children = (
				EBB435962DB424F7006F9439 /* Glyphs */,
				EB2ECD522DADD7F6005D1E06 /* Shaders.metal */,
				EB467BD72D920D2C007E19E8 /* LCDScreenView.swift */,
				EB467BD32D920917007E19E8 /* Buttons.swift */,
				EBE4E9492C43244D00397EF2 /* ContentView.swift */,
				EBCF5FEB2CEAD8950047405A /* TitleBar.swift */,
			);
			path = "Main Window";
			sourceTree = "<group>";
		};
		EB467BD12D9208B3007E19E8 /* Menu Bar */ = {
			isa = PBXGroup;
			children = (
				EBBBFE852CA1F57300E987B1 /* MenuBar.swift */,
			);
			path = "Menu Bar";
			sourceTree = "<group>";
		};
		EB467BD22D9208BF007E19E8 /* Settings */ = {
			isa = PBXGroup;
			children = (
				EBACB7D82DAB20E000160799 /* GeneralTabView.swift */,
				EB64CD112D14FC5200F2B65E /* SettingsView.swift */,
				EBACB7DA2DAB213E00160799 /* RecordingTabView.swift */,
				EB9C7A042DEE54A5009CDCA2 /* LicenseTabView.swift */,
				EB6127402E04E20300853E4E /* DebugTabView.swift */,
			);
			path = Settings;
			sourceTree = "<group>";
			usesTabs = 0;
		};
		EB57F35B2E2ED57B006A5D94 /* Detail Views */ = {
			isa = PBXGroup;
			children = (
				EB57F35C2E2ED588006A5D94 /* ListView.swift */,
				EB8313F32D4DF59700B343FF /* DetailView.swift */,
				EB57F35E2E2EDAB8006A5D94 /* TableView.swift */,
			);
			path = "Detail Views";
			sourceTree = "<group>";
		};
		EB5C8FCA2D99DBD200C4C3C2 /* Encoder */ = {
			isa = PBXGroup;
			children = (
				EB5C8FCB2D99DBD800C4C3C2 /* Encoder.swift */,
			);
			path = Encoder;
			sourceTree = "<group>";
		};
		EB8313EF2D4DCCD200B343FF /* Sample Library */ = {
			isa = PBXGroup;
			children = (
				EB57F35B2E2ED57B006A5D94 /* Detail Views */,
				EB12BCA12DC813C00011B7FF /* Audio Player */,
				EBA122512DC7230C00E603D3 /* ToolbarButtons.swift */,
				EB4467CB2D07C52F000DDE5A /* SampleLibraryView.swift */,
				EB8313F12D4DCDD600B343FF /* SidebarView.swift */,
				EBA1224E2DC722D200E603D3 /* InspectorView.swift */,
				EB12BC952DC7FE6A0011B7FF /* TagComponent.swift */,
				EB12BC9A2DC808210011B7FF /* WaveformView.swift */,
				EB5BB4372DD6590700DFAA33 /* SampleLibraryViewModel.swift */,
			);
			path = "Sample Library";
			sourceTree = "<group>";
		};
		EB91DD322CE3135A00F1C37E /* Fonts */ = {
			isa = PBXGroup;
			children = (
				EBCA8F8A2D7918BB0041B03B /* TASAExplorer-SemiBold.otf */,
				EBDF782D2D80146E00941981 /* Tachyo.otf */,
				EB11B44B2DF77D9B00B4F7CC /* InstrumentSerif-Regular.ttf */,
			);
			path = Fonts;
			sourceTree = "<group>";
		};
		EBA5E5792D77976D00D415DB /* Frameworks */ = {
			isa = PBXGroup;
			children = (
			);
			name = Frameworks;
			sourceTree = "<group>";
		};
		EBB435962DB424F7006F9439 /* Glyphs */ = {
			isa = PBXGroup;
			children = (
				EBB435972DB42514006F9439 /* VUMeterView.swift */,
				EB801B362DB47DDE009632D0 /* RecordingGlyph.swift */,
				EB801B382DB48011009632D0 /* SourceGlyph.swift */,
				EB801B3A2DB4809B009632D0 /* ErrorGlyph.swift */,
				EB801B3C2DB4914E009632D0 /* DonutSpinner.swift */,
			);
			path = Glyphs;
			sourceTree = "<group>";
		};
		EBBBFE842CA1F55100E987B1 /* Views */ = {
			isa = PBXGroup;
			children = (
				EB90E5A22DB192D30067194C /* UserNotifications.swift */,
				EBD114F22DCBFE8D003ABBB9 /* Global Recording Preview */,
				EB467BD02D92087C007E19E8 /* Main Window */,
				EB467BD12D9208B3007E19E8 /* Menu Bar */,
				EB296DE52D653468008427DF /* Sample Editing */,
				EB8313EF2D4DCCD200B343FF /* Sample Library */,
				EB467BD22D9208BF007E19E8 /* Settings */,
				EB467BCE2D920849007E19E8 /* Onboarding */,
				EB32A24E2E144BE00082B7FD /* WhatsNewView.swift */,
				EBA4165B2E171328007415CD /* Noise.metal */,
			);
			path = Views;
			sourceTree = "<group>";
		};
		EBBBFE892CA2514800E987B1 /* Tape Mechanism */ = {
			isa = PBXGroup;
			children = (
				EB3DF8562DDBFED000198AAB /* Backends */,
				EB5C8FCA2D99DBD200C4C3C2 /* Encoder */,
				EBBBFE8A2CA2569600E987B1 /* TapeMechanism.swift */,
				EBBBFE8E2CA2588A00E987B1 /* AudioManager.swift */,
				EBBBFE902CA2590100E987B1 /* Extensions.swift */,
			);
			path = "Tape Mechanism";
			sourceTree = "<group>";
		};
		EBD114F22DCBFE8D003ABBB9 /* Global Recording Preview */ = {
			isa = PBXGroup;
			children = (
				EB57F3592E2DDC13006A5D94 /* GlobalRecordingPreviewWindow.swift */,
				EBD114F12DCBFE8D003ABBB9 /* GlobalRecordingPreviewView.swift */,
			);
			path = "Global Recording Preview";
			sourceTree = "<group>";
		};
		EBE4E93B2C43244D00397EF2 = {
			isa = PBXGroup;
			children = (
				EB3DF85F2DDD114A00198AAB /* LICENSE */,
				EBE4E9462C43244D00397EF2 /* rm2000 */,
				EBE4E9582C43245000397EF2 /* rm2000Tests */,
				EBE4E9622C43245000397EF2 /* rm2000UITests */,
				EBA5E5792D77976D00D415DB /* Frameworks */,
				EBE4E9452C43244D00397EF2 /* Products */,
			);
			indentWidth = 2;
			sourceTree = "<group>";
			tabWidth = 1;
			usesTabs = 0;
		};
		EBE4E9452C43244D00397EF2 /* Products */ = {
			isa = PBXGroup;
			children = (
				EBE4E9442C43244D00397EF2 /* RM2000 Tape Recorder.app */,
			);
			name = Products;
			sourceTree = "<group>";
		};
		EBE4E9462C43244D00397EF2 /* rm2000 */ = {
			isa = PBXGroup;
			children = (
				EB11B4492DF662FC00B4F7CC /* Acknowledgements.rtf */,
				EB467BD52D9209C7007E19E8 /* AppKitWindowManagerDelegate.swift */,
				EB63A3032D6A8E2800E35AE6 /* AppState.swift */,
				EBAF02622C8A132800520D44 /* Logging.swift */,
				EBCB69102DF25B7600C30088 /* Products.storekit */,
				EB9E1AB42DF36E3E008F6527 /* StoreKitTestCertificate.cer */,
				EBE4E9472C43244D00397EF2 /* RM2000 Tape Recorder.swift */,
				EB64CD132D1A0E1500F2B65E /* Shared.swift */,
				EB9E1AB62DF38396008F6527 /* StoreKitManager.swift */,
				EB6065182C850A300017CB33 /* TapeRecorderState.swift */,
				EB516E3E2CB75BD100A1C1E6 /* README.md */,
				EBE4E94B2C43244F00397EF2 /* Assets.xcassets */,
				EBE4E9502C43244F00397EF2 /* rm2000.entitlements */,
				EBCA8F8E2D7A952D0041B03B /* Credits.rtfd */,
				EBDF782F2D8016A700941981 /* Info.plist */,
				EB1565102D558F0700A3D339 /* Models */,
				EBBBFE892CA2514800E987B1 /* Tape Mechanism */,
				EBBBFE842CA1F55100E987B1 /* Views */,
				EBE4E94D2C43244F00397EF2 /* Preview Content */,
				EB91DD322CE3135A00F1C37E /* Fonts */,
			);
			path = rm2000;
			sourceTree = "<group>";
			tabWidth = 2;
			usesTabs = 0;
		};
		EBE4E94D2C43244F00397EF2 /* Preview Content */ = {
			isa = PBXGroup;
			children = (
				EBE4E94E2C43244F00397EF2 /* Preview Assets.xcassets */,
			);
			path = "Preview Content";
			sourceTree = "<group>";
		};
		EBE4E9582C43245000397EF2 /* rm2000Tests */ = {
			isa = PBXGroup;
			children = (
				EBE4E9592C43245000397EF2 /* rm2000Tests.swift */,
				EB8159732DA989B40087B19A /* Example__sample.aac */,
			);
			path = rm2000Tests;
			sourceTree = "<group>";
		};
		EBE4E9622C43245000397EF2 /* rm2000UITests */ = {
			isa = PBXGroup;
			children = (
				EB516E3D2CB75BC300A1C1E6 /* README.md */,
				EBE4E9632C43245000397EF2 /* rm2000UITests.swift */,
				EBE4E9652C43245000397EF2 /* rm2000UITestsLaunchTests.swift */,
			);
			path = rm2000UITests;
			sourceTree = "<group>";
		};
		EBF9507E2DA995E20060CF03 /* TokenField */ = {
			isa = PBXGroup;
			children = (
				EBF9507F2DA995EF0060CF03 /* TokenFieldView.swift */,
			);
			path = TokenField;
			sourceTree = "<group>";
		};
/* End PBXGroup section */

/* Begin PBXNativeTarget section */
		EBE4E9432C43244D00397EF2 /* rm2000 */ = {
			isa = PBXNativeTarget;
			buildConfigurationList = EBE4E9692C43245000397EF2 /* Build configuration list for PBXNativeTarget "rm2000" */;
			buildPhases = (
				EBE4E9402C43244D00397EF2 /* Sources */,
				EBE4E9412C43244D00397EF2 /* Frameworks */,
				EBE4E9422C43244D00397EF2 /* Resources */,
				EB4776532DCAA6B600B6D553 /* Embed Frameworks */,
			);
			buildRules = (
			);
			dependencies = (
			);
			name = rm2000;
			packageProductDependencies = (
				EBFCB1122D77988600A9A226 /* SettingsAccess */,
				EB90E5A02DAF37AC0067194C /* KeyboardShortcuts */,
				EB4776552DCAA6CF00B6D553 /* SwiftDirectoryWatcher */,
				EBD114F52DCBFEA5003ABBB9 /* FluidGradient */,
				EB9C7A022DEE4AFE009CDCA2 /* LaunchAtLogin */,
				EBAAA3E02E4A951700BD1CF9 /* DSWaveformImage */,
				EBAAA3E22E4A951700BD1CF9 /* DSWaveformImageViews */,
				EBF4939E2E4E75E900D7299C /* RenderMeThis */,
				EBDD4C4E2E53C463001FCDD8 /* SwiftUIIntrospect */,
				EB1600692E66581000D4BC8E /* SFBAudioEngine */,
			);
			productName = replica;
			productReference = EBE4E9442C43244D00397EF2 /* RM2000 Tape Recorder.app */;
			productType = "com.apple.product-type.application";
		};
/* End PBXNativeTarget section */

/* Begin PBXProject section */
		EBE4E93C2C43244D00397EF2 /* Project object */ = {
			isa = PBXProject;
			attributes = {
				BuildIndependentTargetsInParallel = 1;
				LastSwiftUpdateCheck = 1520;
				LastUpgradeCheck = 1620;
				TargetAttributes = {
					EBE4E9432C43244D00397EF2 = {
						CreatedOnToolsVersion = 15.2;
					};
				};
			};
			buildConfigurationList = EBE4E93F2C43244D00397EF2 /* Build configuration list for PBXProject "rm2000" */;
			compatibilityVersion = "Xcode 14.0";
			developmentRegion = en;
			hasScannedForEncodings = 0;
			knownRegions = (
				en,
				Base,
			);
			mainGroup = EBE4E93B2C43244D00397EF2;
			packageReferences = (
				EBFCB1112D77988600A9A226 /* XCRemoteSwiftPackageReference "SettingsAccess" */,
				EB90E59F2DAF37AC0067194C /* XCRemoteSwiftPackageReference "KeyboardShortcuts" */,
				EB4776542DCAA6CF00B6D553 /* XCRemoteSwiftPackageReference "SwiftDirectoryWatcher" */,
				EBD114F42DCBFEA5003ABBB9 /* XCRemoteSwiftPackageReference "FluidGradient" */,
				EB9C7A012DEE4AFE009CDCA2 /* XCRemoteSwiftPackageReference "LaunchAtLogin-Modern" */,
				EBAAA3DF2E4A951700BD1CF9 /* XCRemoteSwiftPackageReference "DSWaveformImage-RM2000" */,
				EBF4939D2E4E75E900D7299C /* XCRemoteSwiftPackageReference "RenderMeThis" */,
				EBDD4C4D2E53C463001FCDD8 /* XCRemoteSwiftPackageReference "swiftui-introspect" */,
				EB1600682E66581000D4BC8E /* XCRemoteSwiftPackageReference "SFBAudioEngine" */,
			);
			productRefGroup = EBE4E9452C43244D00397EF2 /* Products */;
			projectDirPath = "";
			projectRoot = "";
			targets = (
				EBE4E9432C43244D00397EF2 /* rm2000 */,
			);
		};
/* End PBXProject section */

/* Begin PBXResourcesBuildPhase section */
		EBE4E9422C43244D00397EF2 /* Resources */ = {
			isa = PBXResourcesBuildPhase;
			buildActionMask = 2147483647;
			files = (
				EB11B44A2DF662FC00B4F7CC /* Acknowledgements.rtf in Resources */,
				EBCA8F8F2D7A952D0041B03B /* Credits.rtfd in Resources */,
				EB11B44C2DF77D9B00B4F7CC /* InstrumentSerif-Regular.ttf in Resources */,
				EBDF782E2D80146E00941981 /* Tachyo.otf in Resources */,
				EBCA8F8B2D7918BB0041B03B /* TASAExplorer-SemiBold.otf in Resources */,
				EB9E1AB52DF36E3E008F6527 /* StoreKitTestCertificate.cer in Resources */,
				EB516E3F2CB75BD100A1C1E6 /* README.md in Resources */,
				EBE4E94F2C43244F00397EF2 /* Preview Assets.xcassets in Resources */,
				EBCB69112DF25B7600C30088 /* Products.storekit in Resources */,
				EBE4E94C2C43244F00397EF2 /* Assets.xcassets in Resources */,
			);
			runOnlyForDeploymentPostprocessing = 0;
		};
/* End PBXResourcesBuildPhase section */

/* Begin PBXSourcesBuildPhase section */
		EBE4E9402C43244D00397EF2 /* Sources */ = {
			isa = PBXSourcesBuildPhase;
			buildActionMask = 2147483647;
			files = (
				EB64CD142D1A0E1500F2B65E /* Shared.swift in Sources */,
				EBBBFE8D2CA2583800E987B1 /* SCStreamManager.swift in Sources */,
				EB63A3022D6A88AB00E35AE6 /* SampleStorage.swift in Sources */,
				EB63A3042D6A8E2A00E35AE6 /* AppState.swift in Sources */,
				EBE4E94A2C43244D00397EF2 /* ContentView.swift in Sources */,
				EBACB7DB2DAB213E00160799 /* RecordingTabView.swift in Sources */,
				EB4467CC2D07C52F000DDE5A /* SampleLibraryView.swift in Sources */,
				EB57F35A2E2DDC13006A5D94 /* GlobalRecordingPreviewWindow.swift in Sources */,
				EBAF02632C8A132800520D44 /* Logging.swift in Sources */,
				EB8642662DA7587C00D4883B /* SampleEditConfiguration.swift in Sources */,
				EB467BD62D9209CA007E19E8 /* AppKitWindowManagerDelegate.swift in Sources */,
				EB8313F22D4DCDD600B343FF /* SidebarView.swift in Sources */,
				EB801B3B2DB4809B009632D0 /* ErrorGlyph.swift in Sources */,
				EBF493A12E4E7AB800D7299C /* AudioPlayerToolbar.swift in Sources */,
				EBBBFE932CA2593900E987B1 /* Protocols.swift in Sources */,
				EB1A606A2DEA521E0067A4E3 /* PreviewFilenameView.swift in Sources */,
				EB12BCA32DC813D30011B7FF /* SampleLibraryAutoPlayer.swift in Sources */,
				EBF3A1D92DB981FA00BF0944 /* AudioFormat.swift in Sources */,
				EB296DF32D65355C008427DF /* TrimmingPlayerView.swift in Sources */,
				EBBBFE862CA1F57300E987B1 /* MenuBar.swift in Sources */,
				EBCF5FEC2CEAD8950047405A /* TitleBar.swift in Sources */,
				EB801B372DB47DDE009632D0 /* RecordingGlyph.swift in Sources */,
				EB11B4422DF6126900B4F7CC /* WelcomeOnboardingView.swift in Sources */,
				EB9E1AB72DF3839E008F6527 /* StoreKitManager.swift in Sources */,
				EBF950802DA995F30060CF03 /* TokenFieldView.swift in Sources */,
				EB8642642DA4A41C00D4883B /* SampleMetadata.swift in Sources */,
				EBB435982DB42514006F9439 /* VUMeterView.swift in Sources */,
				EBCA46E22CACBEE700040159 /* EditSampleView.swift in Sources */,
				EB5C8FCC2D99DBDD00C4C3C2 /* Encoder.swift in Sources */,
				EB12BC9B2DC808210011B7FF /* WaveformView.swift in Sources */,
				EB64CD122D14FC5200F2B65E /* SettingsView.swift in Sources */,
				EBBBFE8B2CA2569600E987B1 /* TapeMechanism.swift in Sources */,
				EBE4E9482C43244D00397EF2 /* RM2000 Tape Recorder.swift in Sources */,
				EB57F35F2E2EDAB8006A5D94 /* TableView.swift in Sources */,
				EBA122522DC7230C00E603D3 /* ToolbarButtons.swift in Sources */,
				EBA1224F2DC722D200E603D3 /* InspectorView.swift in Sources */,
				EB11B4512DF7CCA900B4F7CC /* CompletedOnboardingView.swift in Sources */,
				EB467BD82D920D34007E19E8 /* LCDScreenView.swift in Sources */,
				EB9C7A052DEE54A5009CDCA2 /* LicenseTabView.swift in Sources */,
				EBF3A1DB2DB987F800BF0944 /* RecordingStateEnum.swift in Sources */,
				EBBBFE8F2CA2588A00E987B1 /* AudioManager.swift in Sources */,
				EB11B44E2DF7C5B400B4F7CC /* RequestPermissionOnboardingView.swift in Sources */,
				EBBBFE912CA2590100E987B1 /* Extensions.swift in Sources */,
				EBD114F32DCBFE8D003ABBB9 /* GlobalRecordingPreviewView.swift in Sources */,
				EB32A24F2E144BE00082B7FD /* WhatsNewView.swift in Sources */,
				EBA4165C2E171328007415CD /* Noise.metal in Sources */,
				EB3DF85A2DDBFFC900198AAB /* CoreAudio.swift in Sources */,
				EB5BB4382DD6590800DFAA33 /* SampleLibraryViewModel.swift in Sources */,
				EB467BD42D920919007E19E8 /* Buttons.swift in Sources */,
				EB8313F42D4DF59700B343FF /* DetailView.swift in Sources */,
				EBB69B002DA24DB100ADA2DD /* TemporaryActiveRecording.swift in Sources */,
				EB57F35D2E2ED58A006A5D94 /* ListView.swift in Sources */,
				EB12BC962DC7FE6A0011B7FF /* TagComponent.swift in Sources */,
				EB801B3D2DB4914E009632D0 /* DonutSpinner.swift in Sources */,
				EB11B4462DF6337200B4F7CC /* SettingsOnboardingView.swift in Sources */,
				EB6127412E04E20300853E4E /* DebugTabView.swift in Sources */,
				EBB69B022DA252CC00ADA2DD /* SampleEditOperation.swift in Sources */,
				EB11B4442DF61FFF00B4F7CC /* GettingStartedOnboardingView.swift in Sources */,
				EB467BCF2D920849007E19E8 /* OnboardingView.swift in Sources */,
				EB801B392DB48011009632D0 /* SourceGlyph.swift in Sources */,
				EB2ECD532DADD7FD005D1E06 /* Shaders.metal in Sources */,
				EB1565122D558F2100A3D339 /* Sample.swift in Sources */,
				EB6065192C850A300017CB33 /* TapeRecorderState.swift in Sources */,
				EBACB7D92DAB20E900160799 /* GeneralTabView.swift in Sources */,
				EB90E5A32DB192D80067194C /* UserNotifications.swift in Sources */,
			);
			runOnlyForDeploymentPostprocessing = 0;
		};
/* End PBXSourcesBuildPhase section */

/* Begin XCBuildConfiguration section */
		EBE4E9672C43245000397EF2 /* Debug */ = {
			isa = XCBuildConfiguration;
			buildSettings = {
				ALWAYS_SEARCH_USER_PATHS = NO;
				ASSETCATALOG_COMPILER_GENERATE_SWIFT_ASSET_SYMBOL_EXTENSIONS = YES;
				CLANG_ANALYZER_NONNULL = YES;
				CLANG_ANALYZER_NUMBER_OBJECT_CONVERSION = YES_AGGRESSIVE;
				CLANG_CXX_LANGUAGE_STANDARD = "gnu++20";
				CLANG_ENABLE_MODULES = YES;
				CLANG_ENABLE_OBJC_ARC = YES;
				CLANG_ENABLE_OBJC_WEAK = YES;
				CLANG_WARN_BLOCK_CAPTURE_AUTORELEASING = YES;
				CLANG_WARN_BOOL_CONVERSION = YES;
				CLANG_WARN_COMMA = YES;
				CLANG_WARN_CONSTANT_CONVERSION = YES;
				CLANG_WARN_DEPRECATED_OBJC_IMPLEMENTATIONS = YES;
				CLANG_WARN_DIRECT_OBJC_ISA_USAGE = YES_ERROR;
				CLANG_WARN_DOCUMENTATION_COMMENTS = YES;
				CLANG_WARN_EMPTY_BODY = YES;
				CLANG_WARN_ENUM_CONVERSION = YES;
				CLANG_WARN_INFINITE_RECURSION = YES;
				CLANG_WARN_INT_CONVERSION = YES;
				CLANG_WARN_NON_LITERAL_NULL_CONVERSION = YES;
				CLANG_WARN_OBJC_IMPLICIT_RETAIN_SELF = YES;
				CLANG_WARN_OBJC_LITERAL_CONVERSION = YES;
				CLANG_WARN_OBJC_ROOT_CLASS = YES_ERROR;
				CLANG_WARN_QUOTED_INCLUDE_IN_FRAMEWORK_HEADER = YES;
				CLANG_WARN_RANGE_LOOP_ANALYSIS = YES;
				CLANG_WARN_STRICT_PROTOTYPES = YES;
				CLANG_WARN_SUSPICIOUS_MOVE = YES;
				CLANG_WARN_UNGUARDED_AVAILABILITY = YES_AGGRESSIVE;
				CLANG_WARN_UNREACHABLE_CODE = YES;
				CLANG_WARN__DUPLICATE_METHOD_MATCH = YES;
				COPY_PHASE_STRIP = NO;
				DEAD_CODE_STRIPPING = YES;
				DEBUG_INFORMATION_FORMAT = dwarf;
				ENABLE_STRICT_OBJC_MSGSEND = YES;
				ENABLE_TESTABILITY = YES;
				ENABLE_USER_SCRIPT_SANDBOXING = YES;
				GCC_C_LANGUAGE_STANDARD = gnu17;
				GCC_DYNAMIC_NO_PIC = NO;
				GCC_NO_COMMON_BLOCKS = YES;
				GCC_OPTIMIZATION_LEVEL = 0;
				GCC_PREPROCESSOR_DEFINITIONS = (
					"DEBUG=1",
					"$(inherited)",
				);
				GCC_WARN_64_TO_32_BIT_CONVERSION = YES;
				GCC_WARN_ABOUT_RETURN_TYPE = YES_ERROR;
				GCC_WARN_UNDECLARED_SELECTOR = YES;
				GCC_WARN_UNINITIALIZED_AUTOS = YES_AGGRESSIVE;
				GCC_WARN_UNUSED_FUNCTION = YES;
				GCC_WARN_UNUSED_VARIABLE = YES;
				LOCALIZATION_PREFERS_STRING_CATALOGS = YES;
				MACOSX_DEPLOYMENT_TARGET = 13.6;
				MTL_ENABLE_DEBUG_INFO = INCLUDE_SOURCE;
				MTL_ENABLE_INDEX_STORE = YES;
				MTL_ENABLE_MODULES = STDLIB;
				MTL_FAST_MATH = YES;
				ONLY_ACTIVE_ARCH = YES;
				SDKROOT = macosx;
				SWIFT_ACTIVE_COMPILATION_CONDITIONS = "DEBUG $(inherited)";
				SWIFT_OPTIMIZATION_LEVEL = "-Onone";
			};
			name = Debug;
		};
		EBE4E9682C43245000397EF2 /* Release */ = {
			isa = XCBuildConfiguration;
			buildSettings = {
				ALWAYS_SEARCH_USER_PATHS = NO;
				ASSETCATALOG_COMPILER_GENERATE_SWIFT_ASSET_SYMBOL_EXTENSIONS = YES;
				CLANG_ANALYZER_NONNULL = YES;
				CLANG_ANALYZER_NUMBER_OBJECT_CONVERSION = YES_AGGRESSIVE;
				CLANG_CXX_LANGUAGE_STANDARD = "gnu++20";
				CLANG_ENABLE_MODULES = YES;
				CLANG_ENABLE_OBJC_ARC = YES;
				CLANG_ENABLE_OBJC_WEAK = YES;
				CLANG_WARN_BLOCK_CAPTURE_AUTORELEASING = YES;
				CLANG_WARN_BOOL_CONVERSION = YES;
				CLANG_WARN_COMMA = YES;
				CLANG_WARN_CONSTANT_CONVERSION = YES;
				CLANG_WARN_DEPRECATED_OBJC_IMPLEMENTATIONS = YES;
				CLANG_WARN_DIRECT_OBJC_ISA_USAGE = YES_ERROR;
				CLANG_WARN_DOCUMENTATION_COMMENTS = YES;
				CLANG_WARN_EMPTY_BODY = YES;
				CLANG_WARN_ENUM_CONVERSION = YES;
				CLANG_WARN_INFINITE_RECURSION = YES;
				CLANG_WARN_INT_CONVERSION = YES;
				CLANG_WARN_NON_LITERAL_NULL_CONVERSION = YES;
				CLANG_WARN_OBJC_IMPLICIT_RETAIN_SELF = YES;
				CLANG_WARN_OBJC_LITERAL_CONVERSION = YES;
				CLANG_WARN_OBJC_ROOT_CLASS = YES_ERROR;
				CLANG_WARN_QUOTED_INCLUDE_IN_FRAMEWORK_HEADER = YES;
				CLANG_WARN_RANGE_LOOP_ANALYSIS = YES;
				CLANG_WARN_STRICT_PROTOTYPES = YES;
				CLANG_WARN_SUSPICIOUS_MOVE = YES;
				CLANG_WARN_UNGUARDED_AVAILABILITY = YES_AGGRESSIVE;
				CLANG_WARN_UNREACHABLE_CODE = YES;
				CLANG_WARN__DUPLICATE_METHOD_MATCH = YES;
				COPY_PHASE_STRIP = NO;
				DEAD_CODE_STRIPPING = YES;
				DEBUG_INFORMATION_FORMAT = "dwarf-with-dsym";
				ENABLE_NS_ASSERTIONS = NO;
				ENABLE_STRICT_OBJC_MSGSEND = YES;
				ENABLE_USER_SCRIPT_SANDBOXING = YES;
				GCC_C_LANGUAGE_STANDARD = gnu17;
				GCC_NO_COMMON_BLOCKS = YES;
				GCC_WARN_64_TO_32_BIT_CONVERSION = YES;
				GCC_WARN_ABOUT_RETURN_TYPE = YES_ERROR;
				GCC_WARN_UNDECLARED_SELECTOR = YES;
				GCC_WARN_UNINITIALIZED_AUTOS = YES_AGGRESSIVE;
				GCC_WARN_UNUSED_FUNCTION = YES;
				GCC_WARN_UNUSED_VARIABLE = YES;
				LOCALIZATION_PREFERS_STRING_CATALOGS = YES;
				MACOSX_DEPLOYMENT_TARGET = 13.6;
				MTL_ENABLE_DEBUG_INFO = NO;
				MTL_ENABLE_INDEX_STORE = YES;
				MTL_FAST_MATH = YES;
				SDKROOT = macosx;
				SWIFT_COMPILATION_MODE = wholemodule;
			};
			name = Release;
		};
		EBE4E96A2C43245000397EF2 /* Debug */ = {
			isa = XCBuildConfiguration;
			buildSettings = {
				ASSETCATALOG_COMPILER_APPICON_NAME = AppIcon;
				"ASSETCATALOG_COMPILER_APPICON_NAME[sdk=macosx*]" = AppIcon;
				ASSETCATALOG_COMPILER_GLOBAL_ACCENT_COLOR_NAME = AccentColor;
				ASSETCATALOG_COMPILER_INCLUDE_ALL_APPICON_ASSETS = NO;
				CODE_SIGN_ENTITLEMENTS = rm2000/rm2000.entitlements;
				CODE_SIGN_IDENTITY = "Apple Development";
				"CODE_SIGN_IDENTITY[sdk=macosx*]" = "Apple Development";
				CODE_SIGN_STYLE = Automatic;
				COMBINE_HIDPI_IMAGES = YES;
				CURRENT_PROJECT_VERSION = 1;
				DEAD_CODE_STRIPPING = YES;
				DEVELOPMENT_ASSET_PATHS = "\"rm2000/Preview Content\"";
				DEVELOPMENT_TEAM = 5L5B87F6FJ;
				ENABLE_HARDENED_RUNTIME = YES;
				ENABLE_PREVIEWS = YES;
				GENERATE_INFOPLIST_FILE = YES;
				INFOPLIST_FILE = rm2000/Info.plist;
				INFOPLIST_KEY_CFBundleDisplayName = "$(PRODUCT_NAME)";
				INFOPLIST_KEY_LSApplicationCategoryType = "public.app-category.music";
				INFOPLIST_KEY_NSHumanReadableCopyright = "";
				LD_RUNPATH_SEARCH_PATHS = (
					"$(inherited)",
					"@executable_path/../Frameworks",
				);
				MACOSX_DEPLOYMENT_TARGET = 14.4;
				MARKETING_VERSION = 1.2.1;
				PRODUCT_BUNDLE_IDENTIFIER = "marceloexc.rm2000-debug";
				PRODUCT_NAME = "RM2000 Tape Recorder";
				PROVISIONING_PROFILE_SPECIFIER = "";
				SWIFT_EMIT_LOC_STRINGS = YES;
				SWIFT_VERSION = 5.0;
			};
			name = Debug;
		};
		EBE4E96B2C43245000397EF2 /* Release */ = {
			isa = XCBuildConfiguration;
			buildSettings = {
				ASSETCATALOG_COMPILER_APPICON_NAME = AppIcon;
				"ASSETCATALOG_COMPILER_APPICON_NAME[sdk=macosx*]" = AppIcon;
				ASSETCATALOG_COMPILER_GLOBAL_ACCENT_COLOR_NAME = AccentColor;
				ASSETCATALOG_COMPILER_INCLUDE_ALL_APPICON_ASSETS = NO;
				CODE_SIGN_ENTITLEMENTS = rm2000/rm2000.entitlements;
				CODE_SIGN_IDENTITY = "Apple Development";
				"CODE_SIGN_IDENTITY[sdk=macosx*]" = "Apple Development";
				CODE_SIGN_STYLE = Automatic;
				COMBINE_HIDPI_IMAGES = YES;
				CURRENT_PROJECT_VERSION = 1;
				DEAD_CODE_STRIPPING = YES;
				DEVELOPMENT_ASSET_PATHS = "\"rm2000/Preview Content\"";
				DEVELOPMENT_TEAM = 5L5B87F6FJ;
				ENABLE_HARDENED_RUNTIME = YES;
				ENABLE_PREVIEWS = YES;
				GENERATE_INFOPLIST_FILE = YES;
				INFOPLIST_FILE = rm2000/Info.plist;
				INFOPLIST_KEY_CFBundleDisplayName = "$(PRODUCT_NAME)";
				INFOPLIST_KEY_LSApplicationCategoryType = "public.app-category.music";
				INFOPLIST_KEY_NSHumanReadableCopyright = "";
				LD_RUNPATH_SEARCH_PATHS = (
					"$(inherited)",
					"@executable_path/../Frameworks",
				);
				MACOSX_DEPLOYMENT_TARGET = 14.4;
				MARKETING_VERSION = 1.2.1;
				PRODUCT_BUNDLE_IDENTIFIER = marceloexc.rm2000;
				PRODUCT_NAME = "RM2000 Tape Recorder";
				PROVISIONING_PROFILE_SPECIFIER = "";
				SWIFT_EMIT_LOC_STRINGS = YES;
				SWIFT_VERSION = 5.0;
			};
			name = Release;
		};
/* End XCBuildConfiguration section */

/* Begin XCConfigurationList section */
		EBE4E93F2C43244D00397EF2 /* Build configuration list for PBXProject "rm2000" */ = {
			isa = XCConfigurationList;
			buildConfigurations = (
				EBE4E9672C43245000397EF2 /* Debug */,
				EBE4E9682C43245000397EF2 /* Release */,
			);
			defaultConfigurationIsVisible = 0;
			defaultConfigurationName = Release;
		};
		EBE4E9692C43245000397EF2 /* Build configuration list for PBXNativeTarget "rm2000" */ = {
			isa = XCConfigurationList;
			buildConfigurations = (
				EBE4E96A2C43245000397EF2 /* Debug */,
				EBE4E96B2C43245000397EF2 /* Release */,
			);
			defaultConfigurationIsVisible = 0;
			defaultConfigurationName = Release;
		};
/* End XCConfigurationList section */

/* Begin XCRemoteSwiftPackageReference section */
		EB1600682E66581000D4BC8E /* XCRemoteSwiftPackageReference "SFBAudioEngine" */ = {
			isa = XCRemoteSwiftPackageReference;
			repositoryURL = "https://github.com/sbooth/SFBAudioEngine";
			requirement = {
				kind = exactVersion;
				version = 0.7.1;
			};
		};
		EB4776542DCAA6CF00B6D553 /* XCRemoteSwiftPackageReference "SwiftDirectoryWatcher" */ = {
			isa = XCRemoteSwiftPackageReference;
			repositoryURL = "https://github.com/blackbeltlabs/SwiftDirectoryWatcher";
			requirement = {
				kind = upToNextMajorVersion;
				minimumVersion = 1.1.0;
			};
		};
		EB90E59F2DAF37AC0067194C /* XCRemoteSwiftPackageReference "KeyboardShortcuts" */ = {
			isa = XCRemoteSwiftPackageReference;
			repositoryURL = "https://github.com/sindresorhus/KeyboardShortcuts";
			requirement = {
				kind = upToNextMajorVersion;
				minimumVersion = 2.3.0;
			};
		};
		EB9C7A012DEE4AFE009CDCA2 /* XCRemoteSwiftPackageReference "LaunchAtLogin-Modern" */ = {
			isa = XCRemoteSwiftPackageReference;
			repositoryURL = "https://github.com/sindresorhus/LaunchAtLogin-Modern";
			requirement = {
				kind = upToNextMajorVersion;
				minimumVersion = 1.1.0;
			};
		};
		EBAAA3DF2E4A951700BD1CF9 /* XCRemoteSwiftPackageReference "DSWaveformImage-RM2000" */ = {
			isa = XCRemoteSwiftPackageReference;
			repositoryURL = "https://github.com/marceloexc/DSWaveformImage-RM2000";
			requirement = {
				branch = main;
				kind = branch;
			};
		};
		EBD114F42DCBFEA5003ABBB9 /* XCRemoteSwiftPackageReference "FluidGradient" */ = {
			isa = XCRemoteSwiftPackageReference;
			repositoryURL = "https://github.com/Cindori/FluidGradient";
			requirement = {
				kind = upToNextMajorVersion;
				minimumVersion = 1.0.0;
			};
		};
		EBDD4C4D2E53C463001FCDD8 /* XCRemoteSwiftPackageReference "swiftui-introspect" */ = {
			isa = XCRemoteSwiftPackageReference;
			repositoryURL = "https://github.com/siteline/swiftui-introspect";
			requirement = {
				kind = upToNextMajorVersion;
				minimumVersion = 1.3.0;
			};
		};
		EBF4939D2E4E75E900D7299C /* XCRemoteSwiftPackageReference "RenderMeThis" */ = {
			isa = XCRemoteSwiftPackageReference;
			repositoryURL = "https://github.com/Aeastr/RenderMeThis.git";
			requirement = {
				kind = upToNextMajorVersion;
				minimumVersion = 2.0.1;
			};
		};
		EBFCB1112D77988600A9A226 /* XCRemoteSwiftPackageReference "SettingsAccess" */ = {
			isa = XCRemoteSwiftPackageReference;
			repositoryURL = "https://github.com/orchetect/SettingsAccess";
			requirement = {
				kind = upToNextMajorVersion;
				minimumVersion = 2.1.0;
			};
		};
/* End XCRemoteSwiftPackageReference section */

/* Begin XCSwiftPackageProductDependency section */
		EB1600692E66581000D4BC8E /* SFBAudioEngine */ = {
			isa = XCSwiftPackageProductDependency;
			package = EB1600682E66581000D4BC8E /* XCRemoteSwiftPackageReference "SFBAudioEngine" */;
			productName = SFBAudioEngine;
		};
		EB4776552DCAA6CF00B6D553 /* SwiftDirectoryWatcher */ = {
			isa = XCSwiftPackageProductDependency;
			package = EB4776542DCAA6CF00B6D553 /* XCRemoteSwiftPackageReference "SwiftDirectoryWatcher" */;
			productName = SwiftDirectoryWatcher;
		};
		EB90E5A02DAF37AC0067194C /* KeyboardShortcuts */ = {
			isa = XCSwiftPackageProductDependency;
			package = EB90E59F2DAF37AC0067194C /* XCRemoteSwiftPackageReference "KeyboardShortcuts" */;
			productName = KeyboardShortcuts;
		};
		EB9C7A022DEE4AFE009CDCA2 /* LaunchAtLogin */ = {
			isa = XCSwiftPackageProductDependency;
			package = EB9C7A012DEE4AFE009CDCA2 /* XCRemoteSwiftPackageReference "LaunchAtLogin-Modern" */;
			productName = LaunchAtLogin;
		};
		EBAAA3E02E4A951700BD1CF9 /* DSWaveformImage */ = {
			isa = XCSwiftPackageProductDependency;
			package = EBAAA3DF2E4A951700BD1CF9 /* XCRemoteSwiftPackageReference "DSWaveformImage-RM2000" */;
			productName = DSWaveformImage;
		};
		EBAAA3E22E4A951700BD1CF9 /* DSWaveformImageViews */ = {
			isa = XCSwiftPackageProductDependency;
			package = EBAAA3DF2E4A951700BD1CF9 /* XCRemoteSwiftPackageReference "DSWaveformImage-RM2000" */;
			productName = DSWaveformImageViews;
		};
		EBD114F52DCBFEA5003ABBB9 /* FluidGradient */ = {
			isa = XCSwiftPackageProductDependency;
			package = EBD114F42DCBFEA5003ABBB9 /* XCRemoteSwiftPackageReference "FluidGradient" */;
			productName = FluidGradient;
		};
		EBDD4C4E2E53C463001FCDD8 /* SwiftUIIntrospect */ = {
			isa = XCSwiftPackageProductDependency;
			package = EBDD4C4D2E53C463001FCDD8 /* XCRemoteSwiftPackageReference "swiftui-introspect" */;
			productName = SwiftUIIntrospect;
		};
		EBF4939E2E4E75E900D7299C /* RenderMeThis */ = {
			isa = XCSwiftPackageProductDependency;
			package = EBF4939D2E4E75E900D7299C /* XCRemoteSwiftPackageReference "RenderMeThis" */;
			productName = RenderMeThis;
		};
		EBFCB1122D77988600A9A226 /* SettingsAccess */ = {
			isa = XCSwiftPackageProductDependency;
			package = EBFCB1112D77988600A9A226 /* XCRemoteSwiftPackageReference "SettingsAccess" */;
			productName = SettingsAccess;
		};
/* End XCSwiftPackageProductDependency section */
	};
	rootObject = EBE4E93C2C43244D00397EF2 /* Project object */;
}
